
Microsoft Visual Studio Solution File, Format Version 12.00
# Visual Studio Version 17
VisualStudioVersion = 17.0.31903.59
MinimumVisualStudioVersion = 10.0.40219.1
Project("{F2A71F9B-5D33-465A-A702-920D77279786}") = "LoanRules", "LoanRules\LoanRules.fsproj", "{2EFFFAE1-9EF7-48B1-B11D-71CC51D518C1}"
EndProject
Project("{FAE04EC0-301F-11D3-BF4B-00C04F79EFBC}") = "LoanApp", "LoanApp\LoanApp.csproj", "{4E78B8E5-47D6-42D9-BB52-A4556EE04999}"
EndProject
Global
	GlobalSection(SolutionConfigurationPlatforms) = preSolution
		Debug|Any CPU = Debug|Any CPU
		Debug|x64 = Debug|x64
		Debug|x86 = Debug|x86
		Release|Any CPU = Release|Any CPU
		Release|x64 = Release|x64
		Release|x86 = Release|x86
	EndGlobalSection
	GlobalSection(ProjectConfigurationPlatforms) = postSolution
		{2EFFFAE1-9EF7-48B1-B11D-71CC51D518C1}.Debug|Any CPU.ActiveCfg = Debug|Any CPU
		{2EFFFAE1-9EF7-48B1-B11D-71CC51D518C1}.Debug|Any CPU.Build.0 = Debug|Any CPU
		{2EFFFAE1-9EF7-48B1-B11D-71CC51D518C1}.Debug|x64.ActiveCfg = Debug|Any CPU
		{2EFFFAE1-9EF7-48B1-B11D-71CC51D518C1}.Debug|x64.Build.0 = Debug|Any CPU
		{2EFFFAE1-9EF7-48B1-B11D-71CC51D518C1}.Debug|x86.ActiveCfg = Debug|Any CPU
		{2EFFFAE1-9EF7-48B1-B11D-71CC51D518C1}.Debug|x86.Build.0 = Debug|Any CPU
		{2EFFFAE1-9EF7-48B1-B11D-71CC51D518C1}.Release|Any CPU.ActiveCfg = Release|Any CPU
		{2EFFFAE1-9EF7-48B1-B11D-71CC51D518C1}.Release|Any CPU.Build.0 = Release|Any CPU
		{2EFFFAE1-9EF7-48B1-B11D-71CC51D518C1}.Release|x64.ActiveCfg = Release|Any CPU
		{2EFFFAE1-9EF7-48B1-B11D-71CC51D518C1}.Release|x64.Build.0 = Release|Any CPU
		{2EFFFAE1-9EF7-48B1-B11D-71CC51D518C1}.Release|x86.ActiveCfg = Release|Any CPU
		{2EFFFAE1-9EF7-48B1-B11D-71CC51D518C1}.Release|x86.Build.0 = Release|Any CPU
		{4E78B8E5-47D6-42D9-BB52-A4556EE04999}.Debug|Any CPU.ActiveCfg = Debug|Any CPU
		{4E78B8E5-47D6-42D9-BB52-A4556EE04999}.Debug|Any CPU.Build.0 = Debug|Any CPU
		{4E78B8E5-47D6-42D9-BB52-A4556EE04999}.Debug|x64.ActiveCfg = Debug|Any CPU
		{4E78B8E5-47D6-42D9-BB52-A4556EE04999}.Debug|x64.Build.0 = Debug|Any CPU
		{4E78B8E5-47D6-42D9-BB52-A4556EE04999}.Debug|x86.ActiveCfg = Debug|Any CPU
		{4E78B8E5-47D6-42D9-BB52-A4556EE04999}.Debug|x86.Build.0 = Debug|Any CPU
		{4E78B8E5-47D6-42D9-BB52-A4556EE04999}.Release|Any CPU.ActiveCfg = Release|Any CPU
		{4E78B8E5-47D6-42D9-BB52-A4556EE04999}.Release|Any CPU.Build.0 = Release|Any CPU
		{4E78B8E5-47D6-42D9-BB52-A4556EE04999}.Release|x64.ActiveCfg = Release|Any CPU
		{4E78B8E5-47D6-42D9-BB52-A4556EE04999}.Release|x64.Build.0 = Release|Any CPU
		{4E78B8E5-47D6-42D9-BB52-A4556EE04999}.Release|x86.ActiveCfg = Release|Any CPU
		{4E78B8E5-47D6-42D9-BB52-A4556EE04999}.Release|x86.Build.0 = Release|Any CPU
	EndGlobalSection
	GlobalSection(SolutionProperties) = preSolution
		HideSolutionNode = FALSE
	EndGlobalSection
EndGlobal
